
Microsoft Visual Studio Solution File, Format Version 12.00
# Visual Studio Version 17
VisualStudioVersion = 17.4.33205.214
MinimumVisualStudioVersion = 10.0.40219.1
Project("{FAE04EC0-301F-11D3-BF4B-00C04F79EFBC}") = "BulkyWeb", "BulkyWeb\BulkyWeb.csproj", "{D63B5BA6-62C1-4DB8-8000-4D435E725E74}"
EndProject
Global
	GlobalSection(SolutionConfigurationPlatforms) = preSolution
		Debug|Any CPU = Debug|Any CPU
		Release|Any CPU = Release|Any CPU
	EndGlobalSection
	GlobalSection(ProjectConfigurationPlatforms) = postSolution
		{D63B5BA6-62C1-4DB8-8000-4D435E725E74}.Debug|Any CPU.ActiveCfg = Debug|Any CPU
		{D63B5BA6-62C1-4DB8-8000-4D435E725E74}.Debug|Any CPU.Build.0 = Debug|Any CPU
		{D63B5BA6-62C1-4DB8-8000-4D435E725E74}.Release|Any CPU.ActiveCfg = Release|Any CPU
		{D63B5BA6-62C1-4DB8-8000-4D435E725E74}.Release|Any CPU.Build.0 = Release|Any CPU
	EndGlobalSection
	GlobalSection(SolutionProperties) = preSolution
		HideSolutionNode = FALSE
	EndGlobalSection
	GlobalSection(ExtensibilityGlobals) = postSolution
		SolutionGuid = {06BBB6C2-49C5-4659-8455-3A314DF06CF5}
	EndGlobalSection
EndGlobal
